// !$*UTF8*$!
{
	archiveVersion = 1;
	classes = {
	};
	objectVersion = 47;
	objects = {

/* Begin PBXBuildFile section */
		0C1E37821B9111D7007DCA90 /* DemoMapViewController.swift in Sources */ = {isa = PBXBuildFile; fileRef = 0C1E37801B9111D7007DCA90 /* DemoMapViewController.swift */; };
		0C1E37831B9111D7007DCA90 /* DemoMapViewController.xib in Resources */ = {isa = PBXBuildFile; fileRef = 0C1E37811B9111D7007DCA90 /* DemoMapViewController.xib */; };
		0C1E378F1B94E9AB007DCA90 /* ScreenManagerViewController.xib in Resources */ = {isa = PBXBuildFile; fileRef = 0C1E378E1B94E9AB007DCA90 /* ScreenManagerViewController.xib */; };
		0C1E37911B94E9C1007DCA90 /* ScreenManagerViewController.swift in Sources */ = {isa = PBXBuildFile; fileRef = 0C1E37901B94E9C1007DCA90 /* ScreenManagerViewController.swift */; };
		0C4A0A0C1B79594F005D2203 /* CocoaLumberjack.framework in Frameworks */ = {isa = PBXBuildFile; fileRef = 0C4A0A071B79594F005D2203 /* CocoaLumberjack.framework */; };
		0C4A0A0D1B79594F005D2203 /* EthanolTools.framework in Frameworks */ = {isa = PBXBuildFile; fileRef = 0C4A0A081B79594F005D2203 /* EthanolTools.framework */; };
		0C4A0A0E1B79594F005D2203 /* EthanolUtilities.framework in Frameworks */ = {isa = PBXBuildFile; fileRef = 0C4A0A091B79594F005D2203 /* EthanolUtilities.framework */; };
		0C4A0A0F1B79594F005D2203 /* EthanolValidationFormatting.framework in Frameworks */ = {isa = PBXBuildFile; fileRef = 0C4A0A0A1B79594F005D2203 /* EthanolValidationFormatting.framework */; };
		0C4A0A101B79594F005D2203 /* NSInvocationHelpers.framework in Frameworks */ = {isa = PBXBuildFile; fileRef = 0C4A0A0B1B79594F005D2203 /* NSInvocationHelpers.framework */; };
		0C4DF2711B8F698F00A30559 /* CategoryViewController.swift in Sources */ = {isa = PBXBuildFile; fileRef = 0C4DF26E1B8F698F00A30559 /* CategoryViewController.swift */; };
		0C4DF2721B8F698F00A30559 /* DemoListViewController.swift in Sources */ = {isa = PBXBuildFile; fileRef = 0C4DF26F1B8F698F00A30559 /* DemoListViewController.swift */; };
		0C4DF2731B8F698F00A30559 /* DemoInformation.swift in Sources */ = {isa = PBXBuildFile; fileRef = 0C4DF2701B8F698F00A30559 /* DemoInformation.swift */; };
		0C4E08F21B90C680007067D7 /* ObjectHelpersExampleViewController.swift in Sources */ = {isa = PBXBuildFile; fileRef = 0C4E08F11B90C680007067D7 /* ObjectHelpersExampleViewController.swift */; };
		0C4E08F41B90C6F2007067D7 /* ObjectHelpersExampleViewController.xib in Resources */ = {isa = PBXBuildFile; fileRef = 0C4E08F31B90C6F2007067D7 /* ObjectHelpersExampleViewController.xib */; };
		0CBD47B81B8F63D90005C476 /* AppDelegate.swift in Sources */ = {isa = PBXBuildFile; fileRef = 0CBD47B41B8F63D90005C476 /* AppDelegate.swift */; };
		0CBD47BC1B8F63EE0005C476 /* Assets.xcassets in Resources */ = {isa = PBXBuildFile; fileRef = 0CBD47BA1B8F63EE0005C476 /* Assets.xcassets */; };
		0CBD47C11B8F64190005C476 /* Main.storyboard in Resources */ = {isa = PBXBuildFile; fileRef = 0CBD47BF1B8F64190005C476 /* Main.storyboard */; };
		0CBD47C21B8F64190005C476 /* LaunchScreen.storyboard in Resources */ = {isa = PBXBuildFile; fileRef = 0CBD47C01B8F64190005C476 /* LaunchScreen.storyboard */; };
		0CBD47D31B8F64710005C476 /* AnimateTransitionViewController.xib in Resources */ = {isa = PBXBuildFile; fileRef = 0CBD47C91B8F64710005C476 /* AnimateTransitionViewController.xib */; };
		0CBD47D41B8F64710005C476 /* AnimateTransitionViewController.swift in Sources */ = {isa = PBXBuildFile; fileRef = 0CBD47CA1B8F64710005C476 /* AnimateTransitionViewController.swift */; };
		0CBD47D51B8F64710005C476 /* NavigationItemViewController.swift in Sources */ = {isa = PBXBuildFile; fileRef = 0CBD47CC1B8F64710005C476 /* NavigationItemViewController.swift */; };
		0CBD47D61B8F64710005C476 /* NavigationItemViewController.xib in Resources */ = {isa = PBXBuildFile; fileRef = 0CBD47CD1B8F64710005C476 /* NavigationItemViewController.xib */; };
		0CBD47D71B8F64710005C476 /* SamplePushViewController.swift in Sources */ = {isa = PBXBuildFile; fileRef = 0CBD47CE1B8F64710005C476 /* SamplePushViewController.swift */; };
		0CBD47D81B8F64710005C476 /* SamplePushViewController.xib in Resources */ = {isa = PBXBuildFile; fileRef = 0CBD47CF1B8F64710005C476 /* SamplePushViewController.xib */; };
		0CBD47D91B8F64710005C476 /* TextFieldViewController.m in Sources */ = {isa = PBXBuildFile; fileRef = 0CBD47D01B8F64710005C476 /* TextFieldViewController.m */; };
		0CBD47DA1B8F64710005C476 /* TextFieldViewController.xib in Resources */ = {isa = PBXBuildFile; fileRef = 0CBD47D11B8F64710005C476 /* TextFieldViewController.xib */; };
		0CF38FE91B7AA90A00A32BE1 /* EthanolUIComponents.framework in Frameworks */ = {isa = PBXBuildFile; fileRef = 0CF38FE81B7AA90900A32BE1 /* EthanolUIComponents.framework */; };
		65ABB96A1B8C9243002E9DB3 /* ContactDetailViewController.swift in Sources */ = {isa = PBXBuildFile; fileRef = 65ABB9691B8C9243002E9DB3 /* ContactDetailViewController.swift */; };
		65F1A2C71B8B4E500044854C /* ContactsViewController.swift in Sources */ = {isa = PBXBuildFile; fileRef = 65F1A2C61B8B4E500044854C /* ContactsViewController.swift */; };
		F407C07D1B988B5300428E8E /* EthanolContacts.framework in Frameworks */ = {isa = PBXBuildFile; fileRef = F407C07C1B988B5300428E8E /* EthanolContacts.framework */; };
		327273671B8F18E500A5BEE1 /* EthanolSocial.framework in Frameworks */ = {isa = PBXBuildFile; fileRef = 327273661B8F18E500A5BEE1 /* EthanolSocial.framework */; };
		F47357F81B44320C007688EC /* EthanolExamplesTests.swift in Sources */ = {isa = PBXBuildFile; fileRef = F47357F71B44320C007688EC /* EthanolExamplesTests.swift */; };
		F47358031B44320C007688EC /* EthanolExamplesUITests.swift in Sources */ = {isa = PBXBuildFile; fileRef = F47358021B44320C007688EC /* EthanolExamplesUITests.swift */; };
		F4C384A21B7E9B5D00F2B30A /* EthanolUIExtensions.framework in Frameworks */ = {isa = PBXBuildFile; fileRef = F4C384A11B7E9B5D00F2B30A /* EthanolUIExtensions.framework */; };
/* End PBXBuildFile section */

/* Begin PBXContainerItemProxy section */
		F47357F41B44320C007688EC /* PBXContainerItemProxy */ = {
			isa = PBXContainerItemProxy;
			containerPortal = F47357D71B44320B007688EC /* Project object */;
			proxyType = 1;
			remoteGlobalIDString = F47357DE1B44320B007688EC;
			remoteInfo = EthanolExamples;
		};
		F47357FF1B44320C007688EC /* PBXContainerItemProxy */ = {
			isa = PBXContainerItemProxy;
			containerPortal = F47357D71B44320B007688EC /* Project object */;
			proxyType = 1;
			remoteGlobalIDString = F47357DE1B44320B007688EC;
			remoteInfo = EthanolExamples;
		};
/* End PBXContainerItemProxy section */

/* Begin PBXFileReference section */
		0C1E37801B9111D7007DCA90 /* DemoMapViewController.swift */ = {isa = PBXFileReference; fileEncoding = 4; lastKnownFileType = sourcecode.swift; name = DemoMapViewController.swift; path = UIExtensions/DemoMapViewController.swift; sourceTree = "<group>"; };
		0C1E37811B9111D7007DCA90 /* DemoMapViewController.xib */ = {isa = PBXFileReference; fileEncoding = 4; lastKnownFileType = file.xib; name = DemoMapViewController.xib; path = UIExtensions/DemoMapViewController.xib; sourceTree = "<group>"; };
		0C1E378A1B94CAC8007DCA90 /* EthanolArrayUtilitiesPlayground.playground */ = {isa = PBXFileReference; lastKnownFileType = file.playground; name = EthanolArrayUtilitiesPlayground.playground; path = Utilities/EthanolArrayUtilitiesPlayground.playground; sourceTree = "<group>"; };
		0C1E378B1B94CAC8007DCA90 /* EthanolSwiftHelpersPlayground.playground */ = {isa = PBXFileReference; lastKnownFileType = file.playground; name = EthanolSwiftHelpersPlayground.playground; path = Utilities/EthanolSwiftHelpersPlayground.playground; sourceTree = "<group>"; };
		0C1E378C1B94CAC8007DCA90 /* NSString+EthanolUtilsPlayground.playground */ = {isa = PBXFileReference; lastKnownFileType = file.playground; name = "NSString+EthanolUtilsPlayground.playground"; path = "Utilities/NSString+EthanolUtilsPlayground.playground"; sourceTree = "<group>"; };
		0C1E378E1B94E9AB007DCA90 /* ScreenManagerViewController.xib */ = {isa = PBXFileReference; fileEncoding = 4; lastKnownFileType = file.xib; path = ScreenManagerViewController.xib; sourceTree = "<group>"; };
		0C1E37901B94E9C1007DCA90 /* ScreenManagerViewController.swift */ = {isa = PBXFileReference; fileEncoding = 4; lastKnownFileType = sourcecode.swift; path = ScreenManagerViewController.swift; sourceTree = "<group>"; };
		0C4A0A071B79594F005D2203 /* CocoaLumberjack.framework */ = {isa = PBXFileReference; lastKnownFileType = wrapper.framework; path = CocoaLumberjack.framework; sourceTree = BUILT_PRODUCTS_DIR; };
		0C4A0A081B79594F005D2203 /* EthanolTools.framework */ = {isa = PBXFileReference; lastKnownFileType = wrapper.framework; path = EthanolTools.framework; sourceTree = BUILT_PRODUCTS_DIR; };
		0C4A0A091B79594F005D2203 /* EthanolUtilities.framework */ = {isa = PBXFileReference; lastKnownFileType = wrapper.framework; path = EthanolUtilities.framework; sourceTree = BUILT_PRODUCTS_DIR; };
		0C4A0A0A1B79594F005D2203 /* EthanolValidationFormatting.framework */ = {isa = PBXFileReference; lastKnownFileType = wrapper.framework; path = EthanolValidationFormatting.framework; sourceTree = BUILT_PRODUCTS_DIR; };
		0C4A0A0B1B79594F005D2203 /* NSInvocationHelpers.framework */ = {isa = PBXFileReference; lastKnownFileType = wrapper.framework; path = NSInvocationHelpers.framework; sourceTree = BUILT_PRODUCTS_DIR; };
		0C4DF26E1B8F698F00A30559 /* CategoryViewController.swift */ = {isa = PBXFileReference; fileEncoding = 4; lastKnownFileType = sourcecode.swift; name = CategoryViewController.swift; path = Common/CategoryViewController.swift; sourceTree = "<group>"; };
		0C4DF26F1B8F698F00A30559 /* DemoListViewController.swift */ = {isa = PBXFileReference; fileEncoding = 4; lastKnownFileType = sourcecode.swift; name = DemoListViewController.swift; path = Common/DemoListViewController.swift; sourceTree = "<group>"; };
		0C4DF2701B8F698F00A30559 /* DemoInformation.swift */ = {isa = PBXFileReference; fileEncoding = 4; lastKnownFileType = sourcecode.swift; name = DemoInformation.swift; path = Common/DemoInformation.swift; sourceTree = "<group>"; };
		0C4E08F11B90C680007067D7 /* ObjectHelpersExampleViewController.swift */ = {isa = PBXFileReference; fileEncoding = 4; lastKnownFileType = sourcecode.swift; name = ObjectHelpersExampleViewController.swift; path = Utilities/ObjectHelpersExampleViewController.swift; sourceTree = "<group>"; };
		0C4E08F31B90C6F2007067D7 /* ObjectHelpersExampleViewController.xib */ = {isa = PBXFileReference; fileEncoding = 4; lastKnownFileType = file.xib; path = ObjectHelpersExampleViewController.xib; sourceTree = "<group>"; };
		0C8EEDF01B95F61700974BDB /* EthanolSecurityPlayground.playground */ = {isa = PBXFileReference; lastKnownFileType = file.playground; name = EthanolSecurityPlayground.playground; path = Utilities/EthanolSecurityPlayground.playground; sourceTree = "<group>"; };
		0C8EEDF11B95F6F200974BDB /* NSString+BoundingSizePlayground.playground */ = {isa = PBXFileReference; lastKnownFileType = file.playground; name = "NSString+BoundingSizePlayground.playground"; path = "Utilities/NSString+BoundingSizePlayground.playground"; sourceTree = "<group>"; };
		0CBD47B41B8F63D90005C476 /* AppDelegate.swift */ = {isa = PBXFileReference; fileEncoding = 4; lastKnownFileType = sourcecode.swift; path = AppDelegate.swift; sourceTree = "<group>"; };
		0CBD47BA1B8F63EE0005C476 /* Assets.xcassets */ = {isa = PBXFileReference; lastKnownFileType = folder.assetcatalog; name = Assets.xcassets; path = Resources/Assets.xcassets; sourceTree = "<group>"; };
		0CBD47BF1B8F64190005C476 /* Main.storyboard */ = {isa = PBXFileReference; fileEncoding = 4; lastKnownFileType = file.storyboard; name = Main.storyboard; path = Resources/Storyboards/Main.storyboard; sourceTree = "<group>"; };
		0CBD47C01B8F64190005C476 /* LaunchScreen.storyboard */ = {isa = PBXFileReference; fileEncoding = 4; lastKnownFileType = file.storyboard; name = LaunchScreen.storyboard; path = Resources/Storyboards/LaunchScreen.storyboard; sourceTree = "<group>"; };
		0CBD47C31B8F644B0005C476 /* EthanolExamples-Bridging-Header.h */ = {isa = PBXFileReference; fileEncoding = 4; lastKnownFileType = sourcecode.c.h; name = "EthanolExamples-Bridging-Header.h"; path = "Supporting Files/EthanolExamples-Bridging-Header.h"; sourceTree = "<group>"; };
		0CBD47C41B8F644B0005C476 /* Info.plist */ = {isa = PBXFileReference; fileEncoding = 4; lastKnownFileType = text.plist.xml; name = Info.plist; path = "Supporting Files/Info.plist"; sourceTree = "<group>"; };
		0CBD47C61B8F645A0005C476 /* ETHPausableTimerPlayground.playground */ = {isa = PBXFileReference; lastKnownFileType = file.playground; name = ETHPausableTimerPlayground.playground; path = Tools/ETHPausableTimerPlayground.playground; sourceTree = "<group>"; };
		0CBD47C71B8F64640005C476 /* ETHPageControlPlayground.playground */ = {isa = PBXFileReference; lastKnownFileType = file.playground; name = ETHPageControlPlayground.playground; path = UIComponents/ETHPageControlPlayground.playground; sourceTree = "<group>"; };
		0CBD47C81B8F64640005C476 /* ETHSwitchPlayground.playground */ = {isa = PBXFileReference; lastKnownFileType = file.playground; name = ETHSwitchPlayground.playground; path = UIComponents/ETHSwitchPlayground.playground; sourceTree = "<group>"; };
		0CBD47C91B8F64710005C476 /* AnimateTransitionViewController.xib */ = {isa = PBXFileReference; fileEncoding = 4; lastKnownFileType = file.xib; name = AnimateTransitionViewController.xib; path = UIExtensions/AnimateTransitionViewController.xib; sourceTree = "<group>"; };
		0CBD47CA1B8F64710005C476 /* AnimateTransitionViewController.swift */ = {isa = PBXFileReference; fileEncoding = 4; lastKnownFileType = sourcecode.swift; name = AnimateTransitionViewController.swift; path = UIExtensions/AnimateTransitionViewController.swift; sourceTree = "<group>"; };
		0CBD47CB1B8F64710005C476 /* ETHPlaceholderTextViewPlayground.playground */ = {isa = PBXFileReference; lastKnownFileType = file.playground; name = ETHPlaceholderTextViewPlayground.playground; path = UIExtensions/ETHPlaceholderTextViewPlayground.playground; sourceTree = "<group>"; };
		0CBD47CC1B8F64710005C476 /* NavigationItemViewController.swift */ = {isa = PBXFileReference; fileEncoding = 4; lastKnownFileType = sourcecode.swift; name = NavigationItemViewController.swift; path = UIExtensions/NavigationItemViewController.swift; sourceTree = "<group>"; };
		0CBD47CD1B8F64710005C476 /* NavigationItemViewController.xib */ = {isa = PBXFileReference; fileEncoding = 4; lastKnownFileType = file.xib; name = NavigationItemViewController.xib; path = UIExtensions/NavigationItemViewController.xib; sourceTree = "<group>"; };
		0CBD47CE1B8F64710005C476 /* SamplePushViewController.swift */ = {isa = PBXFileReference; fileEncoding = 4; lastKnownFileType = sourcecode.swift; name = SamplePushViewController.swift; path = UIExtensions/SamplePushViewController.swift; sourceTree = "<group>"; };
		0CBD47CF1B8F64710005C476 /* SamplePushViewController.xib */ = {isa = PBXFileReference; fileEncoding = 4; lastKnownFileType = file.xib; name = SamplePushViewController.xib; path = UIExtensions/SamplePushViewController.xib; sourceTree = "<group>"; };
		0CBD47D01B8F64710005C476 /* TextFieldViewController.m */ = {isa = PBXFileReference; fileEncoding = 4; lastKnownFileType = sourcecode.c.objc; name = TextFieldViewController.m; path = UIExtensions/TextFieldViewController.m; sourceTree = "<group>"; };
		0CBD47D11B8F64710005C476 /* TextFieldViewController.xib */ = {isa = PBXFileReference; fileEncoding = 4; lastKnownFileType = file.xib; name = TextFieldViewController.xib; path = UIExtensions/TextFieldViewController.xib; sourceTree = "<group>"; };
		0CBD47D21B8F64710005C476 /* TextFieldViewController.h */ = {isa = PBXFileReference; fileEncoding = 4; lastKnownFileType = sourcecode.c.h; name = TextFieldViewController.h; path = UIExtensions/TextFieldViewController.h; sourceTree = "<group>"; };
		0CBD47DB1B8F647F0005C476 /* ETHTextFieldPlayground.playground */ = {isa = PBXFileReference; lastKnownFileType = file.playground; name = ETHTextFieldPlayground.playground; path = ValidationFormatting/ETHTextFieldPlayground.playground; sourceTree = "<group>"; };
		0CF38FE81B7AA90900A32BE1 /* EthanolUIComponents.framework */ = {isa = PBXFileReference; lastKnownFileType = wrapper.framework; path = EthanolUIComponents.framework; sourceTree = BUILT_PRODUCTS_DIR; };
		65ABB9691B8C9243002E9DB3 /* ContactDetailViewController.swift */ = {isa = PBXFileReference; fileEncoding = 4; lastKnownFileType = sourcecode.swift; path = ContactDetailViewController.swift; sourceTree = "<group>"; };
		65F1A2C61B8B4E500044854C /* ContactsViewController.swift */ = {isa = PBXFileReference; fileEncoding = 4; lastKnownFileType = sourcecode.swift; path = ContactsViewController.swift; sourceTree = "<group>"; };
		F407C07C1B988B5300428E8E /* EthanolContacts.framework */ = {isa = PBXFileReference; lastKnownFileType = wrapper.framework; path = EthanolContacts.framework; sourceTree = BUILT_PRODUCTS_DIR; };
		32087C411B948A700015F47C /* Twitter.framework */ = {isa = PBXFileReference; lastKnownFileType = wrapper.framework; name = Twitter.framework; path = System/Library/Frameworks/Twitter.framework; sourceTree = SDKROOT; };
		32087C431B948E830015F47C /* Bolts.framework */ = {isa = PBXFileReference; lastKnownFileType = wrapper.framework; name = Bolts.framework; path = "Carthage/Checkouts/facebook-ios-sdk/Bolts-IOS/build/Debug/Bolts.framework"; sourceTree = "<group>"; };
		327273661B8F18E500A5BEE1 /* EthanolSocial.framework */ = {isa = PBXFileReference; lastKnownFileType = wrapper.framework; name = EthanolSocial.framework; path = "Carthage/Checkouts/ethanol-social/build/Debug-iphoneos/EthanolSocial.framework"; sourceTree = "<group>"; };
		32F0F2D81B948A04003C6F40 /* FBSDKCoreKit.framework */ = {isa = PBXFileReference; lastKnownFileType = wrapper.framework; name = FBSDKCoreKit.framework; path = "Carthage/Checkouts/facebook-ios-sdk/FBSDKCoreKit/build/Debug-iphoneos/FBSDKCoreKit.framework"; sourceTree = "<group>"; };
		32F0F2D91B948A04003C6F40 /* FBSDKLoginKit.framework */ = {isa = PBXFileReference; lastKnownFileType = wrapper.framework; name = FBSDKLoginKit.framework; path = "Carthage/Checkouts/facebook-ios-sdk/FBSDKLoginKit/build/Debug-iphoneos/FBSDKLoginKit.framework"; sourceTree = "<group>"; };
		F47357DF1B44320B007688EC /* EthanolExamples.app */ = {isa = PBXFileReference; explicitFileType = wrapper.application; includeInIndex = 0; path = EthanolExamples.app; sourceTree = BUILT_PRODUCTS_DIR; };
		F47357F31B44320C007688EC /* EthanolExamplesTests.xctest */ = {isa = PBXFileReference; explicitFileType = wrapper.cfbundle; includeInIndex = 0; path = EthanolExamplesTests.xctest; sourceTree = BUILT_PRODUCTS_DIR; };
		F47357F71B44320C007688EC /* EthanolExamplesTests.swift */ = {isa = PBXFileReference; lastKnownFileType = sourcecode.swift; path = EthanolExamplesTests.swift; sourceTree = "<group>"; };
		F47357F91B44320C007688EC /* Info.plist */ = {isa = PBXFileReference; lastKnownFileType = text.plist.xml; path = Info.plist; sourceTree = "<group>"; };
		F47357FE1B44320C007688EC /* EthanolExamplesUITests.xctest */ = {isa = PBXFileReference; explicitFileType = wrapper.cfbundle; includeInIndex = 0; path = EthanolExamplesUITests.xctest; sourceTree = BUILT_PRODUCTS_DIR; };
		F47358021B44320C007688EC /* EthanolExamplesUITests.swift */ = {isa = PBXFileReference; lastKnownFileType = sourcecode.swift; path = EthanolExamplesUITests.swift; sourceTree = "<group>"; };
		F47358041B44320C007688EC /* Info.plist */ = {isa = PBXFileReference; lastKnownFileType = text.plist.xml; path = Info.plist; sourceTree = "<group>"; };
		F4C384A11B7E9B5D00F2B30A /* EthanolUIExtensions.framework */ = {isa = PBXFileReference; lastKnownFileType = wrapper.framework; path = EthanolUIExtensions.framework; sourceTree = BUILT_PRODUCTS_DIR; };
/* End PBXFileReference section */

/* Begin PBXFrameworksBuildPhase section */
		F47357DC1B44320B007688EC /* Frameworks */ = {
			isa = PBXFrameworksBuildPhase;
			buildActionMask = 2147483647;
			files = (
				F407C07D1B988B5300428E8E /* EthanolContacts.framework in Frameworks */,
				327273671B8F18E500A5BEE1 /* EthanolSocial.framework in Frameworks */,
				F4C384A21B7E9B5D00F2B30A /* EthanolUIExtensions.framework in Frameworks */,
				0CF38FE91B7AA90A00A32BE1 /* EthanolUIComponents.framework in Frameworks */,
				0C4A0A0C1B79594F005D2203 /* CocoaLumberjack.framework in Frameworks */,
				0C4A0A0D1B79594F005D2203 /* EthanolTools.framework in Frameworks */,
				0C4A0A0E1B79594F005D2203 /* EthanolUtilities.framework in Frameworks */,
				0C4A0A0F1B79594F005D2203 /* EthanolValidationFormatting.framework in Frameworks */,
				0C4A0A101B79594F005D2203 /* NSInvocationHelpers.framework in Frameworks */,
			);
			runOnlyForDeploymentPostprocessing = 0;
		};
		F47357F01B44320C007688EC /* Frameworks */ = {
			isa = PBXFrameworksBuildPhase;
			buildActionMask = 2147483647;
			files = (
			);
			runOnlyForDeploymentPostprocessing = 0;
		};
		F47357FB1B44320C007688EC /* Frameworks */ = {
			isa = PBXFrameworksBuildPhase;
			buildActionMask = 2147483647;
			files = (
			);
			runOnlyForDeploymentPostprocessing = 0;
		};
/* End PBXFrameworksBuildPhase section */

/* Begin PBXGroup section */
		0C4DF26D1B8F697E00A30559 /* Common */ = {
			isa = PBXGroup;
			children = (
				0C4DF26E1B8F698F00A30559 /* CategoryViewController.swift */,
				0C4DF26F1B8F698F00A30559 /* DemoListViewController.swift */,
				0C4DF2701B8F698F00A30559 /* DemoInformation.swift */,
			);
			name = Common;
			sourceTree = "<group>";
		};
		0CBD47AB1B8F63140005C476 /* Utilities */ = {
			isa = PBXGroup;
			children = (
				0C4E08F11B90C680007067D7 /* ObjectHelpersExampleViewController.swift */,
				0C4E08F31B90C6F2007067D7 /* ObjectHelpersExampleViewController.xib */,
				0C8EEDF01B95F61700974BDB /* EthanolSecurityPlayground.playground */,
				0C1E378A1B94CAC8007DCA90 /* EthanolArrayUtilitiesPlayground.playground */,
				0C1E378B1B94CAC8007DCA90 /* EthanolSwiftHelpersPlayground.playground */,
				0C1E378C1B94CAC8007DCA90 /* NSString+EthanolUtilsPlayground.playground */,
				0C8EEDF11B95F6F200974BDB /* NSString+BoundingSizePlayground.playground */,
			);
			name = Utilities;
			sourceTree = "<group>";
		};
		0CBD47AC1B8F63680005C476 /* ValidationFormatting */ = {
			isa = PBXGroup;
			children = (
				0CBD47DB1B8F647F0005C476 /* ETHTextFieldPlayground.playground */,
			);
			name = ValidationFormatting;
			sourceTree = "<group>";
		};
		0CBD47AD1B8F63800005C476 /* Tools */ = {
			isa = PBXGroup;
			children = (
				0C1E37901B94E9C1007DCA90 /* ScreenManagerViewController.swift */,
				0C1E378E1B94E9AB007DCA90 /* ScreenManagerViewController.xib */,
				0CBD47C61B8F645A0005C476 /* ETHPausableTimerPlayground.playground */,
			);
			name = Tools;
			sourceTree = "<group>";
		};
		0CBD47AE1B8F63880005C476 /* UIExtensions */ = {
			isa = PBXGroup;
			children = (
				0CBD47CB1B8F64710005C476 /* ETHPlaceholderTextViewPlayground.playground */,
				0CBD47CA1B8F64710005C476 /* AnimateTransitionViewController.swift */,
				0CBD47C91B8F64710005C476 /* AnimateTransitionViewController.xib */,
				0CBD47CC1B8F64710005C476 /* NavigationItemViewController.swift */,
				0CBD47CD1B8F64710005C476 /* NavigationItemViewController.xib */,
				0CBD47CE1B8F64710005C476 /* SamplePushViewController.swift */,
				0CBD47CF1B8F64710005C476 /* SamplePushViewController.xib */,
				0C1E37801B9111D7007DCA90 /* DemoMapViewController.swift */,
				0C1E37811B9111D7007DCA90 /* DemoMapViewController.xib */,
				0CBD47D21B8F64710005C476 /* TextFieldViewController.h */,
				0CBD47D01B8F64710005C476 /* TextFieldViewController.m */,
				0CBD47D11B8F64710005C476 /* TextFieldViewController.xib */,
			);
			name = UIExtensions;
			sourceTree = "<group>";
		};
		0CBD47AF1B8F639E0005C476 /* UIComponents */ = {
			isa = PBXGroup;
			children = (
				0CBD47C71B8F64640005C476 /* ETHPageControlPlayground.playground */,
				0CBD47C81B8F64640005C476 /* ETHSwitchPlayground.playground */,
			);
			name = UIComponents;
			sourceTree = "<group>";
		};
		0CBD47B01B8F63AB0005C476 /* Resources */ = {
			isa = PBXGroup;
			children = (
				0CBD47BE1B8F63FA0005C476 /* Storyboards */,
				0CBD47BA1B8F63EE0005C476 /* Assets.xcassets */,
			);
			name = Resources;
			sourceTree = "<group>";
		};
		0CBD47B11B8F63B80005C476 /* Supporting Files */ = {
			isa = PBXGroup;
			children = (
				0CBD47C31B8F644B0005C476 /* EthanolExamples-Bridging-Header.h */,
				0CBD47C41B8F644B0005C476 /* Info.plist */,
			);
			name = "Supporting Files";
			sourceTree = "<group>";
		};
		0CBD47BE1B8F63FA0005C476 /* Storyboards */ = {
			isa = PBXGroup;
			children = (
				0CBD47BF1B8F64190005C476 /* Main.storyboard */,
				0CBD47C01B8F64190005C476 /* LaunchScreen.storyboard */,
			);
			name = Storyboards;
			sourceTree = "<group>";
		};
		32F0F2AF1B9435B2003C6F40 /* Contacts */ = {
			isa = PBXGroup;
			children = (
				65F1A2C61B8B4E500044854C /* ContactsViewController.swift */,
				65ABB9691B8C9243002E9DB3 /* ContactDetailViewController.swift */,
			);
			name = Contacts;
			sourceTree = "<group>";
		};
		F47357D61B44320B007688EC = {
			isa = PBXGroup;
			children = (
				F47357E11B44320B007688EC /* EthanolExamples */,
				F47357F61B44320C007688EC /* EthanolExamplesTests */,
				F47358011B44320C007688EC /* EthanolExamplesUITests */,
				F47359751B45BDBB007688EC /* Dependencies */,
				F47357E01B44320B007688EC /* Products */,
			);
			sourceTree = "<group>";
		};
		F47357E01B44320B007688EC /* Products */ = {
			isa = PBXGroup;
			children = (
				F47357DF1B44320B007688EC /* EthanolExamples.app */,
				F47357F31B44320C007688EC /* EthanolExamplesTests.xctest */,
				F47357FE1B44320C007688EC /* EthanolExamplesUITests.xctest */,
			);
			name = Products;
			sourceTree = "<group>";
		};
		F47357E11B44320B007688EC /* EthanolExamples */ = {
			isa = PBXGroup;
			children = (
				0CBD47B41B8F63D90005C476 /* AppDelegate.swift */,
				0C4DF26D1B8F697E00A30559 /* Common */,
				0CBD47AF1B8F639E0005C476 /* UIComponents */,
				0CBD47AE1B8F63880005C476 /* UIExtensions */,
				0CBD47AD1B8F63800005C476 /* Tools */,
				32F0F2AF1B9435B2003C6F40 /* Contacts */,
				0CBD47AC1B8F63680005C476 /* ValidationFormatting */,
				0CBD47AB1B8F63140005C476 /* Utilities */,
				0CBD47B01B8F63AB0005C476 /* Resources */,
				0CBD47B11B8F63B80005C476 /* Supporting Files */,
			);
			path = EthanolExamples;
			sourceTree = "<group>";
		};
		F47357F61B44320C007688EC /* EthanolExamplesTests */ = {
			isa = PBXGroup;
			children = (
				F47357F71B44320C007688EC /* EthanolExamplesTests.swift */,
				F47357F91B44320C007688EC /* Info.plist */,
			);
			path = EthanolExamplesTests;
			sourceTree = "<group>";
		};
		F47358011B44320C007688EC /* EthanolExamplesUITests */ = {
			isa = PBXGroup;
			children = (
				F47358021B44320C007688EC /* EthanolExamplesUITests.swift */,
				F47358041B44320C007688EC /* Info.plist */,
			);
			path = EthanolExamplesUITests;
			sourceTree = "<group>";
		};
		F47359751B45BDBB007688EC /* Dependencies */ = {
			isa = PBXGroup;
			children = (
				F407C07C1B988B5300428E8E /* EthanolContacts.framework */,
				32087C411B948A700015F47C /* Twitter.framework */,
				32F0F2D81B948A04003C6F40 /* FBSDKCoreKit.framework */,
				32F0F2D91B948A04003C6F40 /* FBSDKLoginKit.framework */,
				32087C431B948E830015F47C /* Bolts.framework */,
				327273661B8F18E500A5BEE1 /* EthanolSocial.framework */,
				F4C384A11B7E9B5D00F2B30A /* EthanolUIExtensions.framework */,
				0CF38FE81B7AA90900A32BE1 /* EthanolUIComponents.framework */,
				0C4A0A071B79594F005D2203 /* CocoaLumberjack.framework */,
				0C4A0A081B79594F005D2203 /* EthanolTools.framework */,
				0C4A0A091B79594F005D2203 /* EthanolUtilities.framework */,
				0C4A0A0A1B79594F005D2203 /* EthanolValidationFormatting.framework */,
				0C4A0A0B1B79594F005D2203 /* NSInvocationHelpers.framework */,
			);
			name = Dependencies;
			sourceTree = "<group>";
		};
/* End PBXGroup section */

/* Begin PBXNativeTarget section */
		F47357DE1B44320B007688EC /* EthanolExamples */ = {
			isa = PBXNativeTarget;
			buildConfigurationList = F47358071B44320C007688EC /* Build configuration list for PBXNativeTarget "EthanolExamples" */;
			buildPhases = (
				F47357DB1B44320B007688EC /* Sources */,
				F47357DC1B44320B007688EC /* Frameworks */,
				F47357DD1B44320B007688EC /* Resources */,
				F47359581B45BA57007688EC /* Carthage Copy Frameworks */,
			);
			buildRules = (
			);
			dependencies = (
			);
			name = EthanolExamples;
			productName = EthanolExamples;
			productReference = F47357DF1B44320B007688EC /* EthanolExamples.app */;
			productType = "com.apple.product-type.application";
		};
		F47357F21B44320C007688EC /* EthanolExamplesTests */ = {
			isa = PBXNativeTarget;
			buildConfigurationList = F473580A1B44320C007688EC /* Build configuration list for PBXNativeTarget "EthanolExamplesTests" */;
			buildPhases = (
				F47357EF1B44320C007688EC /* Sources */,
				F47357F01B44320C007688EC /* Frameworks */,
				F47357F11B44320C007688EC /* Resources */,
			);
			buildRules = (
			);
			dependencies = (
				F47357F51B44320C007688EC /* PBXTargetDependency */,
			);
			name = EthanolExamplesTests;
			productName = EthanolExamplesTests;
			productReference = F47357F31B44320C007688EC /* EthanolExamplesTests.xctest */;
			productType = "com.apple.product-type.bundle.unit-test";
		};
		F47357FD1B44320C007688EC /* EthanolExamplesUITests */ = {
			isa = PBXNativeTarget;
			buildConfigurationList = F473580D1B44320C007688EC /* Build configuration list for PBXNativeTarget "EthanolExamplesUITests" */;
			buildPhases = (
				F47357FA1B44320C007688EC /* Sources */,
				F47357FB1B44320C007688EC /* Frameworks */,
				F47357FC1B44320C007688EC /* Resources */,
			);
			buildRules = (
			);
			dependencies = (
				F47358001B44320C007688EC /* PBXTargetDependency */,
			);
			name = EthanolExamplesUITests;
			productName = EthanolExamplesUITests;
			productReference = F47357FE1B44320C007688EC /* EthanolExamplesUITests.xctest */;
			productType = "com.apple.product-type.bundle.ui-testing";
		};
/* End PBXNativeTarget section */

/* Begin PBXProject section */
		F47357D71B44320B007688EC /* Project object */ = {
			isa = PBXProject;
			attributes = {
				LastSwiftUpdateCheck = 0700;
				LastUpgradeCheck = 0700;
				ORGANIZATIONNAME = "Stephane Copin";
				TargetAttributes = {
					F47357DE1B44320B007688EC = {
						CreatedOnToolsVersion = 7.0;
					};
					F47357F21B44320C007688EC = {
						CreatedOnToolsVersion = 7.0;
						TestTargetID = F47357DE1B44320B007688EC;
					};
					F47357FD1B44320C007688EC = {
						CreatedOnToolsVersion = 7.0;
						TestTargetID = F47357DE1B44320B007688EC;
					};
				};
			};
			buildConfigurationList = F47357DA1B44320B007688EC /* Build configuration list for PBXProject "EthanolExamples" */;
			compatibilityVersion = "Xcode 6.3";
			developmentRegion = English;
			hasScannedForEncodings = 0;
			knownRegions = (
				en,
				Base,
			);
			mainGroup = F47357D61B44320B007688EC;
			productRefGroup = F47357E01B44320B007688EC /* Products */;
			projectDirPath = "";
			projectRoot = "";
			targets = (
				F47357DE1B44320B007688EC /* EthanolExamples */,
				F47357F21B44320C007688EC /* EthanolExamplesTests */,
				F47357FD1B44320C007688EC /* EthanolExamplesUITests */,
			);
		};
/* End PBXProject section */

/* Begin PBXResourcesBuildPhase section */
		F47357DD1B44320B007688EC /* Resources */ = {
			isa = PBXResourcesBuildPhase;
			buildActionMask = 2147483647;
			files = (
				0CBD47D61B8F64710005C476 /* NavigationItemViewController.xib in Resources */,
				0CBD47C21B8F64190005C476 /* LaunchScreen.storyboard in Resources */,
				0CBD47D31B8F64710005C476 /* AnimateTransitionViewController.xib in Resources */,
				0CBD47DA1B8F64710005C476 /* TextFieldViewController.xib in Resources */,
				0C1E378F1B94E9AB007DCA90 /* ScreenManagerViewController.xib in Resources */,
				0C4E08F41B90C6F2007067D7 /* ObjectHelpersExampleViewController.xib in Resources */,
				0C1E37831B9111D7007DCA90 /* DemoMapViewController.xib in Resources */,
				0CBD47D81B8F64710005C476 /* SamplePushViewController.xib in Resources */,
				0CBD47BC1B8F63EE0005C476 /* Assets.xcassets in Resources */,
				0CBD47C11B8F64190005C476 /* Main.storyboard in Resources */,
			);
			runOnlyForDeploymentPostprocessing = 0;
		};
		F47357F11B44320C007688EC /* Resources */ = {
			isa = PBXResourcesBuildPhase;
			buildActionMask = 2147483647;
			files = (
			);
			runOnlyForDeploymentPostprocessing = 0;
		};
		F47357FC1B44320C007688EC /* Resources */ = {
			isa = PBXResourcesBuildPhase;
			buildActionMask = 2147483647;
			files = (
			);
			runOnlyForDeploymentPostprocessing = 0;
		};
/* End PBXResourcesBuildPhase section */

/* Begin PBXShellScriptBuildPhase section */
		F47359581B45BA57007688EC /* Carthage Copy Frameworks */ = {
			isa = PBXShellScriptBuildPhase;
			buildActionMask = 2147483647;
			files = (
			);
			inputPaths = (
				"$(BUILT_PRODUCTS_DIR)/EthanolUtilities.framework",
				"$(BUILT_PRODUCTS_DIR)/EthanolValidationFormatting.framework",
				"$(BUILT_PRODUCTS_DIR)/NSInvocationHelpers.framework",
				"$(BUILT_PRODUCTS_DIR)/EthanolTools.framework",
				"$(BUILT_PRODUCTS_DIR)/EthanolUIComponents.framework",
				"$(BUILT_PRODUCTS_DIR)/CocoaLumberjack.framework",
				"$(BUILT_PRODUCTS_DIR)/EthanolUIExtensions.framework",
				"$(BUILT_PRODUCTS_DIR)/EthanolContacts.framework",
				"$(BUILT_PRODUCTS_DIR)/EthanolSocial.framework",
			);
			name = "Carthage Copy Frameworks";
			outputPaths = (
			);
			runOnlyForDeploymentPostprocessing = 0;
			shellPath = /bin/sh;
			shellScript = "/usr/local/bin/carthage copy-frameworks";
		};
/* End PBXShellScriptBuildPhase section */

/* Begin PBXSourcesBuildPhase section */
		F47357DB1B44320B007688EC /* Sources */ = {
			isa = PBXSourcesBuildPhase;
			buildActionMask = 2147483647;
			files = (
				0C4DF2721B8F698F00A30559 /* DemoListViewController.swift in Sources */,
				0CBD47B81B8F63D90005C476 /* AppDelegate.swift in Sources */,
				0CBD47D71B8F64710005C476 /* SamplePushViewController.swift in Sources */,
				0C4DF2731B8F698F00A30559 /* DemoInformation.swift in Sources */,
				0C4E08F21B90C680007067D7 /* ObjectHelpersExampleViewController.swift in Sources */,
				0CBD47D91B8F64710005C476 /* TextFieldViewController.m in Sources */,
				0C1E37911B94E9C1007DCA90 /* ScreenManagerViewController.swift in Sources */,
				0CBD47D41B8F64710005C476 /* AnimateTransitionViewController.swift in Sources */,
				0C4DF2711B8F698F00A30559 /* CategoryViewController.swift in Sources */,
				0CBD47D51B8F64710005C476 /* NavigationItemViewController.swift in Sources */,
				0C1E37821B9111D7007DCA90 /* DemoMapViewController.swift in Sources */,
				65F1A2C71B8B4E500044854C /* ContactsViewController.swift in Sources */,
				65ABB96A1B8C9243002E9DB3 /* ContactDetailViewController.swift in Sources */,
			);
			runOnlyForDeploymentPostprocessing = 0;
		};
		F47357EF1B44320C007688EC /* Sources */ = {
			isa = PBXSourcesBuildPhase;
			buildActionMask = 2147483647;
			files = (
				F47357F81B44320C007688EC /* EthanolExamplesTests.swift in Sources */,
			);
			runOnlyForDeploymentPostprocessing = 0;
		};
		F47357FA1B44320C007688EC /* Sources */ = {
			isa = PBXSourcesBuildPhase;
			buildActionMask = 2147483647;
			files = (
				F47358031B44320C007688EC /* EthanolExamplesUITests.swift in Sources */,
			);
			runOnlyForDeploymentPostprocessing = 0;
		};
/* End PBXSourcesBuildPhase section */

/* Begin PBXTargetDependency section */
		F47357F51B44320C007688EC /* PBXTargetDependency */ = {
			isa = PBXTargetDependency;
			target = F47357DE1B44320B007688EC /* EthanolExamples */;
			targetProxy = F47357F41B44320C007688EC /* PBXContainerItemProxy */;
		};
		F47358001B44320C007688EC /* PBXTargetDependency */ = {
			isa = PBXTargetDependency;
			target = F47357DE1B44320B007688EC /* EthanolExamples */;
			targetProxy = F47357FF1B44320C007688EC /* PBXContainerItemProxy */;
		};
/* End PBXTargetDependency section */

/* Begin XCBuildConfiguration section */
		F47358051B44320C007688EC /* Debug */ = {
			isa = XCBuildConfiguration;
			buildSettings = {
				ALWAYS_SEARCH_USER_PATHS = NO;
				CLANG_CXX_LANGUAGE_STANDARD = "gnu++0x";
				CLANG_CXX_LIBRARY = "libc++";
				CLANG_ENABLE_MODULES = YES;
				CLANG_ENABLE_OBJC_ARC = YES;
				CLANG_WARN_BOOL_CONVERSION = YES;
				CLANG_WARN_CONSTANT_CONVERSION = YES;
				CLANG_WARN_DIRECT_OBJC_ISA_USAGE = YES_ERROR;
				CLANG_WARN_EMPTY_BODY = YES;
				CLANG_WARN_ENUM_CONVERSION = YES;
				CLANG_WARN_INT_CONVERSION = YES;
				CLANG_WARN_OBJC_ROOT_CLASS = YES_ERROR;
				CLANG_WARN_UNREACHABLE_CODE = YES;
				CLANG_WARN__DUPLICATE_METHOD_MATCH = YES;
				CODE_SIGN_IDENTITY = "iPhone Developer";
				COPY_PHASE_STRIP = NO;
				DEBUG_INFORMATION_FORMAT = dwarf;
				ENABLE_STRICT_OBJC_MSGSEND = YES;
				ENABLE_TESTABILITY = YES;
				GCC_C_LANGUAGE_STANDARD = gnu99;
				GCC_DYNAMIC_NO_PIC = NO;
				GCC_NO_COMMON_BLOCKS = YES;
				GCC_OPTIMIZATION_LEVEL = 0;
				GCC_PREPROCESSOR_DEFINITIONS = (
					"DEBUG=1",
					"$(inherited)",
				);
				GCC_WARN_64_TO_32_BIT_CONVERSION = YES;
				GCC_WARN_ABOUT_RETURN_TYPE = YES_ERROR;
				GCC_WARN_UNDECLARED_SELECTOR = YES;
				GCC_WARN_UNINITIALIZED_AUTOS = YES_AGGRESSIVE;
				GCC_WARN_UNUSED_FUNCTION = YES;
				GCC_WARN_UNUSED_VARIABLE = YES;
				IPHONEOS_DEPLOYMENT_TARGET = 8.0;
				MTL_ENABLE_DEBUG_INFO = YES;
				ONLY_ACTIVE_ARCH = YES;
				SDKROOT = iphoneos;
				SWIFT_OPTIMIZATION_LEVEL = "-Onone";
			};
			name = Debug;
		};
		F47358061B44320C007688EC /* Release */ = {
			isa = XCBuildConfiguration;
			buildSettings = {
				ALWAYS_SEARCH_USER_PATHS = NO;
				CLANG_CXX_LANGUAGE_STANDARD = "gnu++0x";
				CLANG_CXX_LIBRARY = "libc++";
				CLANG_ENABLE_MODULES = YES;
				CLANG_ENABLE_OBJC_ARC = YES;
				CLANG_WARN_BOOL_CONVERSION = YES;
				CLANG_WARN_CONSTANT_CONVERSION = YES;
				CLANG_WARN_DIRECT_OBJC_ISA_USAGE = YES_ERROR;
				CLANG_WARN_EMPTY_BODY = YES;
				CLANG_WARN_ENUM_CONVERSION = YES;
				CLANG_WARN_INT_CONVERSION = YES;
				CLANG_WARN_OBJC_ROOT_CLASS = YES_ERROR;
				CLANG_WARN_UNREACHABLE_CODE = YES;
				CLANG_WARN__DUPLICATE_METHOD_MATCH = YES;
				CODE_SIGN_IDENTITY = "iPhone Distribution";
				COPY_PHASE_STRIP = NO;
				DEBUG_INFORMATION_FORMAT = "dwarf-with-dsym";
				ENABLE_NS_ASSERTIONS = NO;
				ENABLE_STRICT_OBJC_MSGSEND = YES;
				GCC_C_LANGUAGE_STANDARD = gnu99;
				GCC_NO_COMMON_BLOCKS = YES;
				GCC_WARN_64_TO_32_BIT_CONVERSION = YES;
				GCC_WARN_ABOUT_RETURN_TYPE = YES_ERROR;
				GCC_WARN_UNDECLARED_SELECTOR = YES;
				GCC_WARN_UNINITIALIZED_AUTOS = YES_AGGRESSIVE;
				GCC_WARN_UNUSED_FUNCTION = YES;
				GCC_WARN_UNUSED_VARIABLE = YES;
				IPHONEOS_DEPLOYMENT_TARGET = 8.0;
				MTL_ENABLE_DEBUG_INFO = NO;
				SDKROOT = iphoneos;
				VALIDATE_PRODUCT = YES;
			};
			name = Release;
		};
		F47358081B44320C007688EC /* Debug */ = {
			isa = XCBuildConfiguration;
			buildSettings = {
				ASSETCATALOG_COMPILER_APPICON_NAME = AppIcon;
				CLANG_ENABLE_MODULES = YES;
				FRAMEWORK_SEARCH_PATHS = (
					"$(PROJECT_DIR)/Carthage/Checkouts/ethanol-social/build/Debug-iphoneos",
					"$(PROJECT_DIR)/Carthage/Checkouts/facebook-ios-sdk/FBSDKCoreKit/build/Debug-iphoneos",
					"$(PROJECT_DIR)/Carthage/Checkouts/facebook-ios-sdk/FBSDKLoginKit/build/Debug-iphoneos",
					"$(PROJECT_DIR)/Carthage/Checkouts/facebook-ios-sdk/Bolts-IOS/build/Debug",
				);
				INFOPLIST_FILE = "EthanolExamples/Supporting Files/Info.plist";
				LD_RUNPATH_SEARCH_PATHS = "$(inherited) @executable_path/Frameworks";
				LIBRARY_SEARCH_PATHS = "$(inherited)";
				OTHER_LDFLAGS = (
					"-Objc",
					"-all_load",
				);
				PRODUCT_BUNDLE_IDENTIFIER = com.fueled.EthanolExamples;
				PRODUCT_NAME = "$(TARGET_NAME)";
				SWIFT_OBJC_BRIDGING_HEADER = "EthanolExamples/Supporting Files/EthanolExamples-Bridging-Header.h";
				SWIFT_OPTIMIZATION_LEVEL = "-Onone";
				USER_HEADER_SEARCH_PATHS = "Carthage/Checkout/ethanol-validation-formatting/EthanolValidationFormatting/EthanolValidationFormatting.h Carthage/Checkout/NSInvocation-Helpers/NSInvocationHelpers/NSInvocationHelpers.h Carthage/Checkout/NSInvocation-Helpers/NSInvocationHelpers/NSInvocationHelpers.h Carthage/Checkout/ethanol-ui-components/EthanolUIComponents/EthanolUIComponents.h Carthage/Checkout/ethanol-utilities/EthanolUtilities/EthanolUtilities.h Carthage/Checkout/ethanol-tools/EthanolTools/EthanolTools.h Carthage/Checkout/CocoaLumberjack/Classes/CocoaLumberjack.h";
			};
			name = Debug;
		};
		F47358091B44320C007688EC /* Release */ = {
			isa = XCBuildConfiguration;
			buildSettings = {
				ASSETCATALOG_COMPILER_APPICON_NAME = AppIcon;
				CLANG_ENABLE_MODULES = YES;
				FRAMEWORK_SEARCH_PATHS = (
					"$(PROJECT_DIR)/Carthage/Checkouts/ethanol-social/build/Debug-iphoneos",
					"$(PROJECT_DIR)/Carthage/Checkouts/facebook-ios-sdk/FBSDKCoreKit/build/Debug-iphoneos",
					"$(PROJECT_DIR)/Carthage/Checkouts/facebook-ios-sdk/FBSDKLoginKit/build/Debug-iphoneos",
					"$(PROJECT_DIR)/Carthage/Checkouts/facebook-ios-sdk/Bolts-IOS/build/Debug",
				);
				INFOPLIST_FILE = "EthanolExamples/Supporting Files/Info.plist";
				LD_RUNPATH_SEARCH_PATHS = "$(inherited) @executable_path/Frameworks";
				LIBRARY_SEARCH_PATHS = "$(inherited)";
				OTHER_LDFLAGS = (
					"-Objc",
					"-all_load",
				);
				PRODUCT_BUNDLE_IDENTIFIER = com.fueled.EthanolExamples;
				PRODUCT_NAME = "$(TARGET_NAME)";
				SWIFT_OBJC_BRIDGING_HEADER = "EthanolExamples/Supporting Files/EthanolExamples-Bridging-Header.h";
				USER_HEADER_SEARCH_PATHS = "Carthage/Checkout/ethanol-validation-formatting/EthanolValidationFormatting/EthanolValidationFormatting.h Carthage/Checkout/NSInvocation-Helpers/NSInvocationHelpers/NSInvocationHelpers.h Carthage/Checkout/NSInvocation-Helpers/NSInvocationHelpers/NSInvocationHelpers.h Carthage/Checkout/ethanol-ui-components/EthanolUIComponents/EthanolUIComponents.h Carthage/Checkout/ethanol-utilities/EthanolUtilities/EthanolUtilities.h Carthage/Checkout/ethanol-tools/EthanolTools/EthanolTools.h Carthage/Checkout/CocoaLumberjack/Classes/CocoaLumberjack.h";
			};
			name = Release;
		};
		F473580B1B44320C007688EC /* Debug */ = {
			isa = XCBuildConfiguration;
			buildSettings = {
				BUNDLE_LOADER = "$(TEST_HOST)";
				INFOPLIST_FILE = EthanolExamplesTests/Info.plist;
				LD_RUNPATH_SEARCH_PATHS = "$(inherited) @executable_path/Frameworks @loader_path/Frameworks";
				PRODUCT_BUNDLE_IDENTIFIER = com.fueled.EthanolExamplesTests;
				PRODUCT_NAME = "$(TARGET_NAME)";
				TEST_HOST = "$(BUILT_PRODUCTS_DIR)/EthanolExamples.app/EthanolExamples";
			};
			name = Debug;
		};
		F473580C1B44320C007688EC /* Release */ = {
			isa = XCBuildConfiguration;
			buildSettings = {
				BUNDLE_LOADER = "$(TEST_HOST)";
				INFOPLIST_FILE = EthanolExamplesTests/Info.plist;
				LD_RUNPATH_SEARCH_PATHS = "$(inherited) @executable_path/Frameworks @loader_path/Frameworks";
				PRODUCT_BUNDLE_IDENTIFIER = com.fueled.EthanolExamplesTests;
				PRODUCT_NAME = "$(TARGET_NAME)";
				TEST_HOST = "$(BUILT_PRODUCTS_DIR)/EthanolExamples.app/EthanolExamples";
			};
			name = Release;
		};
		F473580E1B44320C007688EC /* Debug */ = {
			isa = XCBuildConfiguration;
			buildSettings = {
				INFOPLIST_FILE = EthanolExamplesUITests/Info.plist;
				LD_RUNPATH_SEARCH_PATHS = "$(inherited) @executable_path/Frameworks @loader_path/Frameworks";
				PRODUCT_BUNDLE_IDENTIFIER = com.fueled.EthanolExamplesUITests;
				PRODUCT_NAME = "$(TARGET_NAME)";
				TEST_TARGET_NAME = EthanolExamples;
				USES_XCTRUNNER = YES;
			};
			name = Debug;
		};
		F473580F1B44320C007688EC /* Release */ = {
			isa = XCBuildConfiguration;
			buildSettings = {
				INFOPLIST_FILE = EthanolExamplesUITests/Info.plist;
				LD_RUNPATH_SEARCH_PATHS = "$(inherited) @executable_path/Frameworks @loader_path/Frameworks";
				PRODUCT_BUNDLE_IDENTIFIER = com.fueled.EthanolExamplesUITests;
				PRODUCT_NAME = "$(TARGET_NAME)";
				TEST_TARGET_NAME = EthanolExamples;
				USES_XCTRUNNER = YES;
			};
			name = Release;
		};
/* End XCBuildConfiguration section */

/* Begin XCConfigurationList section */
		F47357DA1B44320B007688EC /* Build configuration list for PBXProject "EthanolExamples" */ = {
			isa = XCConfigurationList;
			buildConfigurations = (
				F47358051B44320C007688EC /* Debug */,
				F47358061B44320C007688EC /* Release */,
			);
			defaultConfigurationIsVisible = 0;
			defaultConfigurationName = Release;
		};
		F47358071B44320C007688EC /* Build configuration list for PBXNativeTarget "EthanolExamples" */ = {
			isa = XCConfigurationList;
			buildConfigurations = (
				F47358081B44320C007688EC /* Debug */,
				F47358091B44320C007688EC /* Release */,
			);
			defaultConfigurationIsVisible = 0;
			defaultConfigurationName = Release;
		};
		F473580A1B44320C007688EC /* Build configuration list for PBXNativeTarget "EthanolExamplesTests" */ = {
			isa = XCConfigurationList;
			buildConfigurations = (
				F473580B1B44320C007688EC /* Debug */,
				F473580C1B44320C007688EC /* Release */,
			);
			defaultConfigurationIsVisible = 0;
			defaultConfigurationName = Release;
		};
		F473580D1B44320C007688EC /* Build configuration list for PBXNativeTarget "EthanolExamplesUITests" */ = {
			isa = XCConfigurationList;
			buildConfigurations = (
				F473580E1B44320C007688EC /* Debug */,
				F473580F1B44320C007688EC /* Release */,
			);
			defaultConfigurationIsVisible = 0;
			defaultConfigurationName = Release;
		};
/* End XCConfigurationList section */
	};
	rootObject = F47357D71B44320B007688EC /* Project object */;
}
